
Microsoft Visual Studio Solution File, Format Version 12.00
# Visual Studio Version 17
VisualStudioVersion = 17.10.34928.147
MinimumVisualStudioVersion = 10.0.40219.1
Project("{9A19103F-16F7-4668-BE54-9A1E7A4F7556}") = "ShelterVault", "ShelterVault\ShelterVault\ShelterVault.csproj", "{8236DD80-EC55-4728-BA83-86D88FA00A57}"
EndProject
Project("{FAE04EC0-301F-11D3-BF4B-00C04F79EFBC}") = "ShelterVault.Test", "ShelterVault.Test\ShelterVault.Test.csproj", "{D8295029-7B3B-46F4-B3CA-82E84ECC05D4}"
EndProject
Global
	GlobalSection(SolutionConfigurationPlatforms) = preSolution
		Debug|Any CPU = Debug|Any CPU
		Debug|ARM = Debug|ARM
		Debug|ARM64 = Debug|ARM64
		Debug|x64 = Debug|x64
		Debug|x86 = Debug|x86
		Release|Any CPU = Release|Any CPU
		Release|ARM = Release|ARM
		Release|ARM64 = Release|ARM64
		Release|x64 = Release|x64
		Release|x86 = Release|x86
	EndGlobalSection
	GlobalSection(ProjectConfigurationPlatforms) = postSolution
		{8236DD80-EC55-4728-BA83-86D88FA00A57}.Debug|Any CPU.ActiveCfg = Debug|x64
		{8236DD80-EC55-4728-BA83-86D88FA00A57}.Debug|Any CPU.Build.0 = Debug|x64
		{8236DD80-EC55-4728-BA83-86D88FA00A57}.Debug|Any CPU.Deploy.0 = Debug|x64
		{8236DD80-EC55-4728-BA83-86D88FA00A57}.Debug|ARM.ActiveCfg = Debug|x64
		{8236DD80-EC55-4728-BA83-86D88FA00A57}.Debug|ARM.Build.0 = Debug|x64
		{8236DD80-EC55-4728-BA83-86D88FA00A57}.Debug|ARM.Deploy.0 = Debug|x64
		{8236DD80-EC55-4728-BA83-86D88FA00A57}.Debug|ARM64.ActiveCfg = Debug|ARM64
		{8236DD80-EC55-4728-BA83-86D88FA00A57}.Debug|ARM64.Build.0 = Debug|ARM64
		{8236DD80-EC55-4728-BA83-86D88FA00A57}.Debug|ARM64.Deploy.0 = Debug|ARM64
		{8236DD80-EC55-4728-BA83-86D88FA00A57}.Debug|x64.ActiveCfg = Debug|x64
		{8236DD80-EC55-4728-BA83-86D88FA00A57}.Debug|x64.Build.0 = Debug|x64
		{8236DD80-EC55-4728-BA83-86D88FA00A57}.Debug|x64.Deploy.0 = Debug|x64
		{8236DD80-EC55-4728-BA83-86D88FA00A57}.Debug|x86.ActiveCfg = Debug|x86
		{8236DD80-EC55-4728-BA83-86D88FA00A57}.Debug|x86.Build.0 = Debug|x86
		{8236DD80-EC55-4728-BA83-86D88FA00A57}.Debug|x86.Deploy.0 = Debug|x86
		{8236DD80-EC55-4728-BA83-86D88FA00A57}.Release|Any CPU.ActiveCfg = Release|x64
		{8236DD80-EC55-4728-BA83-86D88FA00A57}.Release|Any CPU.Build.0 = Release|x64
		{8236DD80-EC55-4728-BA83-86D88FA00A57}.Release|Any CPU.Deploy.0 = Release|x64
		{8236DD80-EC55-4728-BA83-86D88FA00A57}.Release|ARM.ActiveCfg = Release|x64
		{8236DD80-EC55-4728-BA83-86D88FA00A57}.Release|ARM.Build.0 = Release|x64
		{8236DD80-EC55-4728-BA83-86D88FA00A57}.Release|ARM.Deploy.0 = Release|x64
		{8236DD80-EC55-4728-BA83-86D88FA00A57}.Release|ARM64.ActiveCfg = Release|ARM64
		{8236DD80-EC55-4728-BA83-86D88FA00A57}.Release|ARM64.Build.0 = Release|ARM64
		{8236DD80-EC55-4728-BA83-86D88FA00A57}.Release|ARM64.Deploy.0 = Release|ARM64
		{8236DD80-EC55-4728-BA83-86D88FA00A57}.Release|x64.ActiveCfg = Release|x64
		{8236DD80-EC55-4728-BA83-86D88FA00A57}.Release|x64.Build.0 = Release|x64
		{8236DD80-EC55-4728-BA83-86D88FA00A57}.Release|x64.Deploy.0 = Release|x64
		{8236DD80-EC55-4728-BA83-86D88FA00A57}.Release|x86.ActiveCfg = Release|x86
		{8236DD80-EC55-4728-BA83-86D88FA00A57}.Release|x86.Build.0 = Release|x86
		{8236DD80-EC55-4728-BA83-86D88FA00A57}.Release|x86.Deploy.0 = Release|x86
		{D8295029-7B3B-46F4-B3CA-82E84ECC05D4}.Debug|Any CPU.ActiveCfg = Debug|Any CPU
		{D8295029-7B3B-46F4-B3CA-82E84ECC05D4}.Debug|Any CPU.Build.0 = Debug|Any CPU
		{D8295029-7B3B-46F4-B3CA-82E84ECC05D4}.Debug|ARM.ActiveCfg = Debug|Any CPU
		{D8295029-7B3B-46F4-B3CA-82E84ECC05D4}.Debug|ARM.Build.0 = Debug|Any CPU
		{D8295029-7B3B-46F4-B3CA-82E84ECC05D4}.Debug|ARM64.ActiveCfg = Debug|Any CPU
		{D8295029-7B3B-46F4-B3CA-82E84ECC05D4}.Debug|ARM64.Build.0 = Debug|Any CPU
		{D8295029-7B3B-46F4-B3CA-82E84ECC05D4}.Debug|x64.ActiveCfg = Debug|x64
		{D8295029-7B3B-46F4-B3CA-82E84ECC05D4}.Debug|x64.Build.0 = Debug|x64
		{D8295029-7B3B-46F4-B3CA-82E84ECC05D4}.Debug|x86.ActiveCfg = Debug|Any CPU
		{D8295029-7B3B-46F4-B3CA-82E84ECC05D4}.Debug|x86.Build.0 = Debug|Any CPU
		{D8295029-7B3B-46F4-B3CA-82E84ECC05D4}.Release|Any CPU.ActiveCfg = Release|Any CPU
		{D8295029-7B3B-46F4-B3CA-82E84ECC05D4}.Release|Any CPU.Build.0 = Release|Any CPU
		{D8295029-7B3B-46F4-B3CA-82E84ECC05D4}.Release|ARM.ActiveCfg = Release|Any CPU
		{D8295029-7B3B-46F4-B3CA-82E84ECC05D4}.Release|ARM.Build.0 = Release|Any CPU
		{D8295029-7B3B-46F4-B3CA-82E84ECC05D4}.Release|ARM64.ActiveCfg = Release|Any CPU
		{D8295029-7B3B-46F4-B3CA-82E84ECC05D4}.Release|ARM64.Build.0 = Release|Any CPU
		{D8295029-7B3B-46F4-B3CA-82E84ECC05D4}.Release|x64.ActiveCfg = Release|Any CPU
		{D8295029-7B3B-46F4-B3CA-82E84ECC05D4}.Release|x64.Build.0 = Release|Any CPU
		{D8295029-7B3B-46F4-B3CA-82E84ECC05D4}.Release|x86.ActiveCfg = Release|Any CPU
		{D8295029-7B3B-46F4-B3CA-82E84ECC05D4}.Release|x86.Build.0 = Release|Any CPU
	EndGlobalSection
	GlobalSection(SolutionProperties) = preSolution
		HideSolutionNode = FALSE
	EndGlobalSection
	GlobalSection(ExtensibilityGlobals) = postSolution
		SolutionGuid = {3C207324-6F88-4BA1-8E82-73B41E61CCD0}
	EndGlobalSection
EndGlobal
